Microsoft Visual Studio Solution File, Format Version 12.00
# Visual Studio Version 17
VisualStudioVersion = 17.5.2.0
MinimumVisualStudioVersion = 10.0.40219.1
Project("{FAE04EC0-301F-11D3-BF4B-00C04F79EFBC}") = "Proyecto3", "Proyecto3.csproj", "{64987558-3556-F3C2-DDD2-2F4EE70CFCE6}"
EndProject
Global
	GlobalSection(SolutionConfigurationPlatforms) = preSolution
		Debug|Any CPU = Debug|Any CPU
		Release|Any CPU = Release|Any CPU
	EndGlobalSection
	GlobalSection(ProjectConfigurationPlatforms) = postSolution
		{64987558-3556-F3C2-DDD2-2F4EE70CFCE6}.Debug|Any CPU.ActiveCfg = Debug|Any CPU
		{64987558-3556-F3C2-DDD2-2F4EE70CFCE6}.Debug|Any CPU.Build.0 = Debug|Any CPU
		{64987558-3556-F3C2-DDD2-2F4EE70CFCE6}.Release|Any CPU.ActiveCfg = Release|Any CPU
		{64987558-3556-F3C2-DDD2-2F4EE70CFCE6}.Release|Any CPU.Build.0 = Release|Any CPU
	EndGlobalSection
	GlobalSection(SolutionProperties) = preSolution
		HideSolutionNode = FALSE
	EndGlobalSection
	GlobalSection(ExtensibilityGlobals) = postSolution
		SolutionGuid = {A1331C06-578D-470E-B639-9471F54BCF6F}
	EndGlobalSection
EndGlobal
